
Microsoft Visual Studio Solution File, Format Version 12.00
# Visual Studio 15
VisualStudioVersion = 15.0.28010.2036
MinimumVisualStudioVersion = 10.0.40219.1
Project("{FAE04EC0-301F-11D3-BF4B-00C04F79EFBC}") = "DesignPattern", "DesignPattern\DesignPattern.csproj", "{8A2A43E7-74D1-4811-9A8D-57BDC81D9400}"
EndProject
Global
	GlobalSection(SolutionConfigurationPlatforms) = preSolution
		Debug|Any CPU = Debug|Any CPU
		Release|Any CPU = Release|Any CPU
	EndGlobalSection
	GlobalSection(ProjectConfigurationPlatforms) = postSolution
		{8A2A43E7-74D1-4811-9A8D-57BDC81D9400}.Debug|Any CPU.ActiveCfg = Debug|Any CPU
		{8A2A43E7-74D1-4811-9A8D-57BDC81D9400}.Debug|Any CPU.Build.0 = Debug|Any CPU
		{8A2A43E7-74D1-4811-9A8D-57BDC81D9400}.Release|Any CPU.ActiveCfg = Release|Any CPU
		{8A2A43E7-74D1-4811-9A8D-57BDC81D9400}.Release|Any CPU.Build.0 = Release|Any CPU
	EndGlobalSection
	GlobalSection(SolutionProperties) = preSolution
		HideSolutionNode = FALSE
	EndGlobalSection
	GlobalSection(ExtensibilityGlobals) = postSolution
		SolutionGuid = {48920D45-2971-401F-B7BD-4D535EBA729E}
	EndGlobalSection
EndGlobal
